// !$*UTF8*$!
{
	archiveVersion = 1;
	classes = {
	};
	objectVersion = 56;
	objects = {

/* Begin PBXBuildFile section */
		B344CE912AD993760042DA73 /* WeightView.swift in Sources */ = {isa = PBXBuildFile; fileRef = B344CE902AD993760042DA73 /* WeightView.swift */; };
		B38F535D2AD67C3D00BCA81F /* AppDelegate.swift in Sources */ = {isa = PBXBuildFile; fileRef = B38F535C2AD67C3D00BCA81F /* AppDelegate.swift */; };
		B38F535F2AD67C3D00BCA81F /* SceneDelegate.swift in Sources */ = {isa = PBXBuildFile; fileRef = B38F535E2AD67C3D00BCA81F /* SceneDelegate.swift */; };
		B38F53612AD67C3D00BCA81F /* ViewController.swift in Sources */ = {isa = PBXBuildFile; fileRef = B38F53602AD67C3D00BCA81F /* ViewController.swift */; };
		B38F53662AD67C3E00BCA81F /* Assets.xcassets in Resources */ = {isa = PBXBuildFile; fileRef = B38F53652AD67C3E00BCA81F /* Assets.xcassets */; };
		B38F53692AD67C3E00BCA81F /* LaunchScreen.storyboard in Resources */ = {isa = PBXBuildFile; fileRef = B38F53672AD67C3E00BCA81F /* LaunchScreen.storyboard */; };
		B38F53742AD67FF000BCA81F /* ResultViewController.swift in Sources */ = {isa = PBXBuildFile; fileRef = B38F53732AD67FF000BCA81F /* ResultViewController.swift */; };
		B3AAF9762AD6D793005F2BAE /* CustomButton.swift in Sources */ = {isa = PBXBuildFile; fileRef = B3AAF9752AD6D793005F2BAE /* CustomButton.swift */; };
		B3AAF9792AD6D820005F2BAE /* Datasource.swift in Sources */ = {isa = PBXBuildFile; fileRef = B3AAF9782AD6D820005F2BAE /* Datasource.swift */; };
		B3AAF97B2AD6F0D0005F2BAE /* TitleView.swift in Sources */ = {isa = PBXBuildFile; fileRef = B3AAF97A2AD6F0D0005F2BAE /* TitleView.swift */; };
		B3C797CF2AD85F2D00570F03 /* HeightView.swift in Sources */ = {isa = PBXBuildFile; fileRef = B3C797CE2AD85F2D00570F03 /* HeightView.swift */; };
		B3E584AF2AD9FDCF00FAEA17 /* BMI.swift in Sources */ = {isa = PBXBuildFile; fileRef = B3E584AE2AD9FDCF00FAEA17 /* BMI.swift */; };
		B3E584B12AD9FFB200FAEA17 /* Calculator.swift in Sources */ = {isa = PBXBuildFile; fileRef = B3E584B02AD9FFB200FAEA17 /* Calculator.swift */; };
		B3E584B42ADB07D900FAEA17 /* LabelFactory.swift in Sources */ = {isa = PBXBuildFile; fileRef = B3E584B32ADB07D900FAEA17 /* LabelFactory.swift */; };
/* End PBXBuildFile section */

/* Begin PBXFileReference section */
		B344CE902AD993760042DA73 /* WeightView.swift */ = {isa = PBXFileReference; lastKnownFileType = sourcecode.swift; path = WeightView.swift; sourceTree = "<group>"; };
		B38F53592AD67C3D00BCA81F /* BMI Calculator.app */ = {isa = PBXFileReference; explicitFileType = wrapper.application; includeInIndex = 0; path = "BMI Calculator.app"; sourceTree = BUILT_PRODUCTS_DIR; };
		B38F535C2AD67C3D00BCA81F /* AppDelegate.swift */ = {isa = PBXFileReference; lastKnownFileType = sourcecode.swift; path = AppDelegate.swift; sourceTree = "<group>"; };
		B38F535E2AD67C3D00BCA81F /* SceneDelegate.swift */ = {isa = PBXFileReference; lastKnownFileType = sourcecode.swift; path = SceneDelegate.swift; sourceTree = "<group>"; };
		B38F53602AD67C3D00BCA81F /* ViewController.swift */ = {isa = PBXFileReference; lastKnownFileType = sourcecode.swift; path = ViewController.swift; sourceTree = "<group>"; };
		B38F53652AD67C3E00BCA81F /* Assets.xcassets */ = {isa = PBXFileReference; lastKnownFileType = folder.assetcatalog; path = Assets.xcassets; sourceTree = "<group>"; };
		B38F53682AD67C3E00BCA81F /* Base */ = {isa = PBXFileReference; lastKnownFileType = file.storyboard; name = Base; path = Base.lproj/LaunchScreen.storyboard; sourceTree = "<group>"; };
		B38F536A2AD67C3E00BCA81F /* Info.plist */ = {isa = PBXFileReference; lastKnownFileType = text.plist.xml; path = Info.plist; sourceTree = "<group>"; };
		B38F53732AD67FF000BCA81F /* ResultViewController.swift */ = {isa = PBXFileReference; lastKnownFileType = sourcecode.swift; path = ResultViewController.swift; sourceTree = "<group>"; };
		B3AAF9752AD6D793005F2BAE /* CustomButton.swift */ = {isa = PBXFileReference; lastKnownFileType = sourcecode.swift; path = CustomButton.swift; sourceTree = "<group>"; };
		B3AAF9782AD6D820005F2BAE /* Datasource.swift */ = {isa = PBXFileReference; lastKnownFileType = sourcecode.swift; path = Datasource.swift; sourceTree = "<group>"; };
		B3AAF97A2AD6F0D0005F2BAE /* TitleView.swift */ = {isa = PBXFileReference; lastKnownFileType = sourcecode.swift; path = TitleView.swift; sourceTree = "<group>"; };
		B3C797CE2AD85F2D00570F03 /* HeightView.swift */ = {isa = PBXFileReference; lastKnownFileType = sourcecode.swift; path = HeightView.swift; sourceTree = "<group>"; };
		B3E584AE2AD9FDCF00FAEA17 /* BMI.swift */ = {isa = PBXFileReference; lastKnownFileType = sourcecode.swift; path = BMI.swift; sourceTree = "<group>"; };
		B3E584B02AD9FFB200FAEA17 /* Calculator.swift */ = {isa = PBXFileReference; lastKnownFileType = sourcecode.swift; path = Calculator.swift; sourceTree = "<group>"; };
		B3E584B32ADB07D900FAEA17 /* LabelFactory.swift */ = {isa = PBXFileReference; lastKnownFileType = sourcecode.swift; path = LabelFactory.swift; sourceTree = "<group>"; };
/* End PBXFileReference section */

/* Begin PBXFrameworksBuildPhase section */
		B38F53562AD67C3D00BCA81F /* Frameworks */ = {
			isa = PBXFrameworksBuildPhase;
			buildActionMask = 2147483647;
			files = (
			);
			runOnlyForDeploymentPostprocessing = 0;
		};
/* End PBXFrameworksBuildPhase section */

/* Begin PBXGroup section */
		B38F53502AD67C3D00BCA81F = {
			isa = PBXGroup;
			children = (
				B38F535B2AD67C3D00BCA81F /* BMI Calculator */,
				B38F535A2AD67C3D00BCA81F /* Products */,
			);
			sourceTree = "<group>";
		};
		B38F535A2AD67C3D00BCA81F /* Products */ = {
			isa = PBXGroup;
			children = (
				B38F53592AD67C3D00BCA81F /* BMI Calculator.app */,
			);
			name = Products;
			sourceTree = "<group>";
		};
		B38F535B2AD67C3D00BCA81F /* BMI Calculator */ = {
			isa = PBXGroup;
			children = (
				B3E584B22ADB07C400FAEA17 /* factory */,
				B3AAF9772AD6D80E005F2BAE /* utils */,
				B38F53722AD67FD300BCA81F /* Model */,
				B38F53712AD67FCD00BCA81F /* Controller */,
				B38F53702AD67FC800BCA81F /* View */,
				B38F535C2AD67C3D00BCA81F /* AppDelegate.swift */,
				B38F535E2AD67C3D00BCA81F /* SceneDelegate.swift */,
				B38F53652AD67C3E00BCA81F /* Assets.xcassets */,
				B38F53672AD67C3E00BCA81F /* LaunchScreen.storyboard */,
				B38F536A2AD67C3E00BCA81F /* Info.plist */,
			);
			path = "BMI Calculator";
			sourceTree = "<group>";
		};
		B38F53702AD67FC800BCA81F /* View */ = {
			isa = PBXGroup;
			children = (
				B3AAF9752AD6D793005F2BAE /* CustomButton.swift */,
				B3AAF97A2AD6F0D0005F2BAE /* TitleView.swift */,
				B3C797CE2AD85F2D00570F03 /* HeightView.swift */,
				B344CE902AD993760042DA73 /* WeightView.swift */,
			);
			path = View;
			sourceTree = "<group>";
		};
		B38F53712AD67FCD00BCA81F /* Controller */ = {
			isa = PBXGroup;
			children = (
				B38F53602AD67C3D00BCA81F /* ViewController.swift */,
				B38F53732AD67FF000BCA81F /* ResultViewController.swift */,
			);
			path = Controller;
			sourceTree = "<group>";
		};
		B38F53722AD67FD300BCA81F /* Model */ = {
			isa = PBXGroup;
			children = (
				B3E584AE2AD9FDCF00FAEA17 /* BMI.swift */,
				B3E584B02AD9FFB200FAEA17 /* Calculator.swift */,
			);
			path = Model;
			sourceTree = "<group>";
		};
		B3AAF9772AD6D80E005F2BAE /* utils */ = {
			isa = PBXGroup;
			children = (
				B3AAF9782AD6D820005F2BAE /* Datasource.swift */,
			);
			path = utils;
			sourceTree = "<group>";
		};
		B3E584B22ADB07C400FAEA17 /* factory */ = {
			isa = PBXGroup;
			children = (
				B3E584B32ADB07D900FAEA17 /* LabelFactory.swift */,
			);
			path = factory;
			sourceTree = "<group>";
		};
/* End PBXGroup section */

/* Begin PBXNativeTarget section */
		B38F53582AD67C3D00BCA81F /* BMI Calculator */ = {
			isa = PBXNativeTarget;
			buildConfigurationList = B38F536D2AD67C3E00BCA81F /* Build configuration list for PBXNativeTarget "BMI Calculator" */;
			buildPhases = (
				B38F53552AD67C3D00BCA81F /* Sources */,
				B38F53562AD67C3D00BCA81F /* Frameworks */,
				B38F53572AD67C3D00BCA81F /* Resources */,
			);
			buildRules = (
			);
			dependencies = (
			);
			name = "BMI Calculator";
			productName = "BMI Calculator";
			productReference = B38F53592AD67C3D00BCA81F /* BMI Calculator.app */;
			productType = "com.apple.product-type.application";
		};
/* End PBXNativeTarget section */

/* Begin PBXProject section */
		B38F53512AD67C3D00BCA81F /* Project object */ = {
			isa = PBXProject;
			attributes = {
				BuildIndependentTargetsInParallel = 1;
				LastSwiftUpdateCheck = 1500;
				LastUpgradeCheck = 1500;
				TargetAttributes = {
					B38F53582AD67C3D00BCA81F = {
						CreatedOnToolsVersion = 15.0;
					};
				};
			};
			buildConfigurationList = B38F53542AD67C3D00BCA81F /* Build configuration list for PBXProject "BMI Calculator" */;
			compatibilityVersion = "Xcode 14.0";
			developmentRegion = en;
			hasScannedForEncodings = 0;
			knownRegions = (
				en,
				Base,
			);
			mainGroup = B38F53502AD67C3D00BCA81F;
			productRefGroup = B38F535A2AD67C3D00BCA81F /* Products */;
			projectDirPath = "";
			projectRoot = "";
			targets = (
				B38F53582AD67C3D00BCA81F /* BMI Calculator */,
			);
		};
/* End PBXProject section */

/* Begin PBXResourcesBuildPhase section */
		B38F53572AD67C3D00BCA81F /* Resources */ = {
			isa = PBXResourcesBuildPhase;
			buildActionMask = 2147483647;
			files = (
				B38F53692AD67C3E00BCA81F /* LaunchScreen.storyboard in Resources */,
				B38F53662AD67C3E00BCA81F /* Assets.xcassets in Resources */,
			);
			runOnlyForDeploymentPostprocessing = 0;
		};
/* End PBXResourcesBuildPhase section */

/* Begin PBXSourcesBuildPhase section */
		B38F53552AD67C3D00BCA81F /* Sources */ = {
			isa = PBXSourcesBuildPhase;
			buildActionMask = 2147483647;
			files = (
				B3E584AF2AD9FDCF00FAEA17 /* BMI.swift in Sources */,
				B3AAF9792AD6D820005F2BAE /* Datasource.swift in Sources */,
				B38F53612AD67C3D00BCA81F /* ViewController.swift in Sources */,
				B3E584B12AD9FFB200FAEA17 /* Calculator.swift in Sources */,
				B38F535D2AD67C3D00BCA81F /* AppDelegate.swift in Sources */,
				B3AAF97B2AD6F0D0005F2BAE /* TitleView.swift in Sources */,
				B38F535F2AD67C3D00BCA81F /* SceneDelegate.swift in Sources */,
				B38F53742AD67FF000BCA81F /* ResultViewController.swift in Sources */,
				B344CE912AD993760042DA73 /* WeightView.swift in Sources */,
				B3E584B42ADB07D900FAEA17 /* LabelFactory.swift in Sources */,
				B3AAF9762AD6D793005F2BAE /* CustomButton.swift in Sources */,
				B3C797CF2AD85F2D00570F03 /* HeightView.swift in Sources */,
			);
			runOnlyForDeploymentPostprocessing = 0;
		};
/* End PBXSourcesBuildPhase section */

/* Begin PBXVariantGroup section */
		B38F53672AD67C3E00BCA81F /* LaunchScreen.storyboard */ = {
			isa = PBXVariantGroup;
			children = (
				B38F53682AD67C3E00BCA81F /* Base */,
			);
			name = LaunchScreen.storyboard;
			sourceTree = "<group>";
		};
/* End PBXVariantGroup section */

/* Begin XCBuildConfiguration section */
		B38F536B2AD67C3E00BCA81F /* Debug */ = {
			isa = XCBuildConfiguration;
			buildSettings = {
				ALWAYS_SEARCH_USER_PATHS = NO;
				ASSETCATALOG_COMPILER_GENERATE_SWIFT_ASSET_SYMBOL_EXTENSIONS = YES;
				CLANG_ANALYZER_NONNULL = YES;
				CLANG_ANALYZER_NUMBER_OBJECT_CONVERSION = YES_AGGRESSIVE;
				CLANG_CXX_LANGUAGE_STANDARD = "gnu++20";
				CLANG_ENABLE_MODULES = YES;
				CLANG_ENABLE_OBJC_ARC = YES;
				CLANG_ENABLE_OBJC_WEAK = YES;
				CLANG_WARN_BLOCK_CAPTURE_AUTORELEASING = YES;
				CLANG_WARN_BOOL_CONVERSION = YES;
				CLANG_WARN_COMMA = YES;
				CLANG_WARN_CONSTANT_CONVERSION = YES;
				CLANG_WARN_DEPRECATED_OBJC_IMPLEMENTATIONS = YES;
				CLANG_WARN_DIRECT_OBJC_ISA_USAGE = YES_ERROR;
				CLANG_WARN_DOCUMENTATION_COMMENTS = YES;
				CLANG_WARN_EMPTY_BODY = YES;
				CLANG_WARN_ENUM_CONVERSION = YES;
				CLANG_WARN_INFINITE_RECURSION = YES;
				CLANG_WARN_INT_CONVERSION = YES;
				CLANG_WARN_NON_LITERAL_NULL_CONVERSION = YES;
				CLANG_WARN_OBJC_IMPLICIT_RETAIN_SELF = YES;
				CLANG_WARN_OBJC_LITERAL_CONVERSION = YES;
				CLANG_WARN_OBJC_ROOT_CLASS = YES_ERROR;
				CLANG_WARN_QUOTED_INCLUDE_IN_FRAMEWORK_HEADER = YES;
				CLANG_WARN_RANGE_LOOP_ANALYSIS = YES;
				CLANG_WARN_STRICT_PROTOTYPES = YES;
				CLANG_WARN_SUSPICIOUS_MOVE = YES;
				CLANG_WARN_UNGUARDED_AVAILABILITY = YES_AGGRESSIVE;
				CLANG_WARN_UNREACHABLE_CODE = YES;
				CLANG_WARN__DUPLICATE_METHOD_MATCH = YES;
				COPY_PHASE_STRIP = NO;
				DEBUG_INFORMATION_FORMAT = dwarf;
				ENABLE_STRICT_OBJC_MSGSEND = YES;
				ENABLE_TESTABILITY = YES;
				ENABLE_USER_SCRIPT_SANDBOXING = YES;
				GCC_C_LANGUAGE_STANDARD = gnu17;
				GCC_DYNAMIC_NO_PIC = NO;
				GCC_NO_COMMON_BLOCKS = YES;
				GCC_OPTIMIZATION_LEVEL = 0;
				GCC_PREPROCESSOR_DEFINITIONS = (
					"DEBUG=1",
					"$(inherited)",
				);
				GCC_WARN_64_TO_32_BIT_CONVERSION = YES;
				GCC_WARN_ABOUT_RETURN_TYPE = YES_ERROR;
				GCC_WARN_UNDECLARED_SELECTOR = YES;
				GCC_WARN_UNINITIALIZED_AUTOS = YES_AGGRESSIVE;
				GCC_WARN_UNUSED_FUNCTION = YES;
				GCC_WARN_UNUSED_VARIABLE = YES;
				IPHONEOS_DEPLOYMENT_TARGET = 17.0;
				LOCALIZATION_PREFERS_STRING_CATALOGS = YES;
				MTL_ENABLE_DEBUG_INFO = INCLUDE_SOURCE;
				MTL_FAST_MATH = YES;
				ONLY_ACTIVE_ARCH = YES;
				SDKROOT = iphoneos;
				SWIFT_ACTIVE_COMPILATION_CONDITIONS = "DEBUG $(inherited)";
				SWIFT_OPTIMIZATION_LEVEL = "-Onone";
			};
			name = Debug;
		};
		B38F536C2AD67C3E00BCA81F /* Release */ = {
			isa = XCBuildConfiguration;
			buildSettings = {
				ALWAYS_SEARCH_USER_PATHS = NO;
				ASSETCATALOG_COMPILER_GENERATE_SWIFT_ASSET_SYMBOL_EXTENSIONS = YES;
				CLANG_ANALYZER_NONNULL = YES;
				CLANG_ANALYZER_NUMBER_OBJECT_CONVERSION = YES_AGGRESSIVE;
				CLANG_CXX_LANGUAGE_STANDARD = "gnu++20";
				CLANG_ENABLE_MODULES = YES;
				CLANG_ENABLE_OBJC_ARC = YES;
				CLANG_ENABLE_OBJC_WEAK = YES;
				CLANG_WARN_BLOCK_CAPTURE_AUTORELEASING = YES;
				CLANG_WARN_BOOL_CONVERSION = YES;
				CLANG_WARN_COMMA = YES;
				CLANG_WARN_CONSTANT_CONVERSION = YES;
				CLANG_WARN_DEPRECATED_OBJC_IMPLEMENTATIONS = YES;
				CLANG_WARN_DIRECT_OBJC_ISA_USAGE = YES_ERROR;
				CLANG_WARN_DOCUMENTATION_COMMENTS = YES;
				CLANG_WARN_EMPTY_BODY = YES;
				CLANG_WARN_ENUM_CONVERSION = YES;
				CLANG_WARN_INFINITE_RECURSION = YES;
				CLANG_WARN_INT_CONVERSION = YES;
				CLANG_WARN_NON_LITERAL_NULL_CONVERSION = YES;
				CLANG_WARN_OBJC_IMPLICIT_RETAIN_SELF = YES;
				CLANG_WARN_OBJC_LITERAL_CONVERSION = YES;
				CLANG_WARN_OBJC_ROOT_CLASS = YES_ERROR;
				CLANG_WARN_QUOTED_INCLUDE_IN_FRAMEWORK_HEADER = YES;
				CLANG_WARN_RANGE_LOOP_ANALYSIS = YES;
				CLANG_WARN_STRICT_PROTOTYPES = YES;
				CLANG_WARN_SUSPICIOUS_MOVE = YES;
				CLANG_WARN_UNGUARDED_AVAILABILITY = YES_AGGRESSIVE;
				CLANG_WARN_UNREACHABLE_CODE = YES;
				CLANG_WARN__DUPLICATE_METHOD_MATCH = YES;
				COPY_PHASE_STRIP = NO;
				DEBUG_INFORMATION_FORMAT = "dwarf-with-dsym";
				ENABLE_NS_ASSERTIONS = NO;
				ENABLE_STRICT_OBJC_MSGSEND = YES;
				ENABLE_USER_SCRIPT_SANDBOXING = YES;
				GCC_C_LANGUAGE_STANDARD = gnu17;
				GCC_NO_COMMON_BLOCKS = YES;
				GCC_WARN_64_TO_32_BIT_CONVERSION = YES;
				GCC_WARN_ABOUT_RETURN_TYPE = YES_ERROR;
				GCC_WARN_UNDECLARED_SELECTOR = YES;
				GCC_WARN_UNINITIALIZED_AUTOS = YES_AGGRESSIVE;
				GCC_WARN_UNUSED_FUNCTION = YES;
				GCC_WARN_UNUSED_VARIABLE = YES;
				IPHONEOS_DEPLOYMENT_TARGET = 17.0;
				LOCALIZATION_PREFERS_STRING_CATALOGS = YES;
				MTL_ENABLE_DEBUG_INFO = NO;
				MTL_FAST_MATH = YES;
				SDKROOT = iphoneos;
				SWIFT_COMPILATION_MODE = wholemodule;
				VALIDATE_PRODUCT = YES;
			};
			name = Release;
		};
		B38F536E2AD67C3E00BCA81F /* Debug */ = {
			isa = XCBuildConfiguration;
			buildSettings = {
				ASSETCATALOG_COMPILER_APPICON_NAME = AppIcon;
				ASSETCATALOG_COMPILER_GLOBAL_ACCENT_COLOR_NAME = AccentColor;
				CODE_SIGN_STYLE = Automatic;
				CURRENT_PROJECT_VERSION = 1;
				DEVELOPMENT_TEAM = DFGF3RJ9TV;
				GENERATE_INFOPLIST_FILE = YES;
				INFOPLIST_FILE = "BMI Calculator/Info.plist";
				INFOPLIST_KEY_UIApplicationSupportsIndirectInputEvents = YES;
				INFOPLIST_KEY_UILaunchStoryboardName = LaunchScreen;
				INFOPLIST_KEY_UISupportedInterfaceOrientations_iPad = "UIInterfaceOrientationPortrait UIInterfaceOrientationPortraitUpsideDown UIInterfaceOrientationLandscapeLeft UIInterfaceOrientationLandscapeRight";
				INFOPLIST_KEY_UISupportedInterfaceOrientations_iPhone = "UIInterfaceOrientationPortrait UIInterfaceOrientationLandscapeLeft UIInterfaceOrientationLandscapeRight";
				LD_RUNPATH_SEARCH_PATHS = (
					"$(inherited)",
					"@executable_path/Frameworks",
				);
				MARKETING_VERSION = 1.0;
				PRODUCT_BUNDLE_IDENTIFIER = "com.hexalsoft.BMI-Calculator";
				PRODUCT_NAME = "$(TARGET_NAME)";
				SWIFT_EMIT_LOC_STRINGS = YES;
				SWIFT_VERSION = 5.0;
				TARGETED_DEVICE_FAMILY = "1,2";
			};
			name = Debug;
		};
		B38F536F2AD67C3E00BCA81F /* Release */ = {
			isa = XCBuildConfiguration;
			buildSettings = {
				ASSETCATALOG_COMPILER_APPICON_NAME = AppIcon;
				ASSETCATALOG_COMPILER_GLOBAL_ACCENT_COLOR_NAME = AccentColor;
				CODE_SIGN_STYLE = Automatic;
				CURRENT_PROJECT_VERSION = 1;
				DEVELOPMENT_TEAM = DFGF3RJ9TV;
				GENERATE_INFOPLIST_FILE = YES;
				INFOPLIST_FILE = "BMI Calculator/Info.plist";
				INFOPLIST_KEY_UIApplicationSupportsIndirectInputEvents = YES;
				INFOPLIST_KEY_UILaunchStoryboardName = LaunchScreen;
				INFOPLIST_KEY_UISupportedInterfaceOrientations_iPad = "UIInterfaceOrientationPortrait UIInterfaceOrientationPortraitUpsideDown UIInterfaceOrientationLandscapeLeft UIInterfaceOrientationLandscapeRight";
				INFOPLIST_KEY_UISupportedInterfaceOrientations_iPhone = "UIInterfaceOrientationPortrait UIInterfaceOrientationLandscapeLeft UIInterfaceOrientationLandscapeRight";
				LD_RUNPATH_SEARCH_PATHS = (
					"$(inherited)",
					"@executable_path/Frameworks",
				);
				MARKETING_VERSION = 1.0;
				PRODUCT_BUNDLE_IDENTIFIER = "com.hexalsoft.BMI-Calculator";
				PRODUCT_NAME = "$(TARGET_NAME)";
				SWIFT_EMIT_LOC_STRINGS = YES;
				SWIFT_VERSION = 5.0;
				TARGETED_DEVICE_FAMILY = "1,2";
			};
			name = Release;
		};
/* End XCBuildConfiguration section */

/* Begin XCConfigurationList section */
		B38F53542AD67C3D00BCA81F /* Build configuration list for PBXProject "BMI Calculator" */ = {
			isa = XCConfigurationList;
			buildConfigurations = (
				B38F536B2AD67C3E00BCA81F /* Debug */,
				B38F536C2AD67C3E00BCA81F /* Release */,
			);
			defaultConfigurationIsVisible = 0;
			defaultConfigurationName = Release;
		};
		B38F536D2AD67C3E00BCA81F /* Build configuration list for PBXNativeTarget "BMI Calculator" */ = {
			isa = XCConfigurationList;
			buildConfigurations = (
				B38F536E2AD67C3E00BCA81F /* Debug */,
				B38F536F2AD67C3E00BCA81F /* Release */,
			);
			defaultConfigurationIsVisible = 0;
			defaultConfigurationName = Release;
		};
/* End XCConfigurationList section */
	};
	rootObject = B38F53512AD67C3D00BCA81F /* Project object */;
}
